
Microsoft Visual Studio Solution File, Format Version 12.00
# Visual Studio 2013
VisualStudioVersion = 12.0.40629.0
MinimumVisualStudioVersion = 10.0.40219.1
Project("{FAE04EC0-301F-11D3-BF4B-00C04F79EFBC}") = "ZQ.PrismUnityApp", "ZQ.PrismUnityApp\ZQ.PrismUnityApp.csproj", "{99C9E82C-C594-446D-AA59-8FFBC43AD226}"
EndProject
Project("{FAE04EC0-301F-11D3-BF4B-00C04F79EFBC}") = "ZQ.Module.About", "ZQ.Module.About\ZQ.Module.About.csproj", "{56D1A833-3575-45C6-A359-901654DAB880}"
EndProject
Project("{FAE04EC0-301F-11D3-BF4B-00C04F79EFBC}") = "ZQ.Event", "ZQ.Event\ZQ.Event.csproj", "{3C693FD0-09CB-4467-A663-B3ACEA27198C}"
EndProject
Project("{FAE04EC0-301F-11D3-BF4B-00C04F79EFBC}") = "ZQ.Common", "ZQ.Common\ZQ.Common.csproj", "{0F3FF826-F549-4F0C-BB36-C1E0DE5F1615}"
EndProject
Project("{FAE04EC0-301F-11D3-BF4B-00C04F79EFBC}") = "ZQ.Module.Guidance", "ZQ.Module.Guidance\ZQ.Module.Guidance.csproj", "{93A7356E-07A9-49D1-BB83-CDDCE7309BE3}"
EndProject
Project("{FAE04EC0-301F-11D3-BF4B-00C04F79EFBC}") = "ZQ.Module.Syutsou", "ZQ.Module.Syutsou\ZQ.Module.Syutsou.csproj", "{78324341-DB22-45E2-BB76-FC08436F97DD}"
EndProject
Project("{FAE04EC0-301F-11D3-BF4B-00C04F79EFBC}") = "ZQ.Module.Settings", "ZQ.Module.Settings\ZQ.Module.Settings.csproj", "{A59E102F-21DF-4A9A-A37E-0B2C2795371A}"
EndProject
Project("{2150E333-8FDC-42A3-9474-1A3956D46DE8}") = "Solution Items", "Solution Items", "{F6666CE0-C1D7-4165-B721-84024EE9F27A}"
	ProjectSection(SolutionItems) = preProject
		PowerWriter.md = PowerWriter.md
		README.md = README.md
		ShowDifferentModuleInSameRegion.md = ShowDifferentModuleInSameRegion.md
	EndProjectSection
EndProject
Global
	GlobalSection(SolutionConfigurationPlatforms) = preSolution
		Debug|Any CPU = Debug|Any CPU
		Release|Any CPU = Release|Any CPU
	EndGlobalSection
	GlobalSection(ProjectConfigurationPlatforms) = postSolution
		{99C9E82C-C594-446D-AA59-8FFBC43AD226}.Debug|Any CPU.ActiveCfg = Debug|Any CPU
		{99C9E82C-C594-446D-AA59-8FFBC43AD226}.Debug|Any CPU.Build.0 = Debug|Any CPU
		{99C9E82C-C594-446D-AA59-8FFBC43AD226}.Release|Any CPU.ActiveCfg = Release|Any CPU
		{99C9E82C-C594-446D-AA59-8FFBC43AD226}.Release|Any CPU.Build.0 = Release|Any CPU
		{56D1A833-3575-45C6-A359-901654DAB880}.Debug|Any CPU.ActiveCfg = Debug|Any CPU
		{56D1A833-3575-45C6-A359-901654DAB880}.Debug|Any CPU.Build.0 = Debug|Any CPU
		{56D1A833-3575-45C6-A359-901654DAB880}.Release|Any CPU.ActiveCfg = Release|Any CPU
		{56D1A833-3575-45C6-A359-901654DAB880}.Release|Any CPU.Build.0 = Release|Any CPU
		{3C693FD0-09CB-4467-A663-B3ACEA27198C}.Debug|Any CPU.ActiveCfg = Debug|Any CPU
		{3C693FD0-09CB-4467-A663-B3ACEA27198C}.Debug|Any CPU.Build.0 = Debug|Any CPU
		{3C693FD0-09CB-4467-A663-B3ACEA27198C}.Release|Any CPU.ActiveCfg = Release|Any CPU
		{3C693FD0-09CB-4467-A663-B3ACEA27198C}.Release|Any CPU.Build.0 = Release|Any CPU
		{0F3FF826-F549-4F0C-BB36-C1E0DE5F1615}.Debug|Any CPU.ActiveCfg = Debug|Any CPU
		{0F3FF826-F549-4F0C-BB36-C1E0DE5F1615}.Debug|Any CPU.Build.0 = Debug|Any CPU
		{0F3FF826-F549-4F0C-BB36-C1E0DE5F1615}.Release|Any CPU.ActiveCfg = Release|Any CPU
		{0F3FF826-F549-4F0C-BB36-C1E0DE5F1615}.Release|Any CPU.Build.0 = Release|Any CPU
		{93A7356E-07A9-49D1-BB83-CDDCE7309BE3}.Debug|Any CPU.ActiveCfg = Debug|Any CPU
		{93A7356E-07A9-49D1-BB83-CDDCE7309BE3}.Debug|Any CPU.Build.0 = Debug|Any CPU
		{93A7356E-07A9-49D1-BB83-CDDCE7309BE3}.Release|Any CPU.ActiveCfg = Release|Any CPU
		{93A7356E-07A9-49D1-BB83-CDDCE7309BE3}.Release|Any CPU.Build.0 = Release|Any CPU
		{78324341-DB22-45E2-BB76-FC08436F97DD}.Debug|Any CPU.ActiveCfg = Debug|Any CPU
		{78324341-DB22-45E2-BB76-FC08436F97DD}.Debug|Any CPU.Build.0 = Debug|Any CPU
		{78324341-DB22-45E2-BB76-FC08436F97DD}.Release|Any CPU.ActiveCfg = Release|Any CPU
		{78324341-DB22-45E2-BB76-FC08436F97DD}.Release|Any CPU.Build.0 = Release|Any CPU
		{A59E102F-21DF-4A9A-A37E-0B2C2795371A}.Debug|Any CPU.ActiveCfg = Debug|Any CPU
		{A59E102F-21DF-4A9A-A37E-0B2C2795371A}.Debug|Any CPU.Build.0 = Debug|Any CPU
		{A59E102F-21DF-4A9A-A37E-0B2C2795371A}.Release|Any CPU.ActiveCfg = Release|Any CPU
		{A59E102F-21DF-4A9A-A37E-0B2C2795371A}.Release|Any CPU.Build.0 = Release|Any CPU
	EndGlobalSection
	GlobalSection(SolutionProperties) = preSolution
		HideSolutionNode = FALSE
	EndGlobalSection
EndGlobal
