
Microsoft Visual Studio Solution File, Format Version 12.00
# Visual Studio 2013
VisualStudioVersion = 12.0.40629.0
MinimumVisualStudioVersion = 10.0.40219.1
Project("{2150E333-8FDC-42A3-9474-1A3956D46DE8}") = "Solution Items", "Solution Items", "{F6666CE0-C1D7-4165-B721-84024EE9F27A}"
	ProjectSection(SolutionItems) = preProject
		PowerWriter.md = PowerWriter.md
		README.md = README.md
		ShowDifferentModuleInSameRegion.md = ShowDifferentModuleInSameRegion.md
	EndProjectSection
EndProject
Project("{2150E333-8FDC-42A3-9474-1A3956D46DE8}") = "Prism", "Prism", "{98793B6A-3BC0-421B-8002-1BB923D83310}"
EndProject
Project("{FAE04EC0-301F-11D3-BF4B-00C04F79EFBC}") = "ZQ.PrismUnityApp", "Prism\ZQ.PrismUnityApp\ZQ.PrismUnityApp.csproj", "{99C9E82C-C594-446D-AA59-8FFBC43AD226}"
EndProject
Project("{FAE04EC0-301F-11D3-BF4B-00C04F79EFBC}") = "ZQ.Module.Syutsou", "Prism\ZQ.Module.Syutsou\ZQ.Module.Syutsou.csproj", "{78324341-DB22-45E2-BB76-FC08436F97DD}"
EndProject
Project("{FAE04EC0-301F-11D3-BF4B-00C04F79EFBC}") = "ZQ.Module.Settings", "Prism\ZQ.Module.Settings\ZQ.Module.Settings.csproj", "{A59E102F-21DF-4A9A-A37E-0B2C2795371A}"
EndProject
Project("{FAE04EC0-301F-11D3-BF4B-00C04F79EFBC}") = "ZQ.Module.Other", "Prism\ZQ.Module.Other\ZQ.Module.Other.csproj", "{8E2C2D2C-3BE1-4D48-81BA-2DE3E7FCDAE1}"
EndProject
Project("{FAE04EC0-301F-11D3-BF4B-00C04F79EFBC}") = "ZQ.Module.Guidance", "Prism\ZQ.Module.Guidance\ZQ.Module.Guidance.csproj", "{93A7356E-07A9-49D1-BB83-CDDCE7309BE3}"
EndProject
Project("{FAE04EC0-301F-11D3-BF4B-00C04F79EFBC}") = "ZQ.Module.About", "Prism\ZQ.Module.About\ZQ.Module.About.csproj", "{56D1A833-3575-45C6-A359-901654DAB880}"
EndProject
Project("{FAE04EC0-301F-11D3-BF4B-00C04F79EFBC}") = "ZQ.Event", "Prism\ZQ.Event\ZQ.Event.csproj", "{3C693FD0-09CB-4467-A663-B3ACEA27198C}"
EndProject
Project("{FAE04EC0-301F-11D3-BF4B-00C04F79EFBC}") = "ZQ.Common", "Prism\ZQ.Common\ZQ.Common.csproj", "{0F3FF826-F549-4F0C-BB36-C1E0DE5F1615}"
EndProject
Project("{2150E333-8FDC-42A3-9474-1A3956D46DE8}") = "MvvmLight", "MvvmLight", "{210475A3-AFB6-4DCC-A032-8CC40ECC26E7}"
EndProject
Project("{FAE04EC0-301F-11D3-BF4B-00C04F79EFBC}") = "ZQ.MvvmlightApp", "Mvvmlight\ZQ.MvvmlightApp\ZQ.MvvmlightApp.csproj", "{FC9D72A7-EBBD-45F8-ABBD-5A8F9612180E}"
EndProject
Project("{FAE04EC0-301F-11D3-BF4B-00C04F79EFBC}") = "ZQ.Module.Syutsou", "Mvvmlight\ZQ.Module.Syutsou\ZQ.Module.Syutsou.csproj", "{740E8045-B382-46E4-9F97-A236365754CE}"
EndProject
Project("{FAE04EC0-301F-11D3-BF4B-00C04F79EFBC}") = "ZQ.Module.Settings", "Mvvmlight\ZQ.Module.Settings\ZQ.Module.Settings.csproj", "{1E9CD211-DB3F-4228-9BE2-2FB63F0CCB7B}"
EndProject
Project("{FAE04EC0-301F-11D3-BF4B-00C04F79EFBC}") = "ZQ.Module.Other", "Mvvmlight\ZQ.Module.Other\ZQ.Module.Other.csproj", "{70123107-189D-4ED8-BFCE-630069FC9B9F}"
EndProject
Project("{FAE04EC0-301F-11D3-BF4B-00C04F79EFBC}") = "ZQ.Module.Guidance", "Mvvmlight\ZQ.Module.Guidance\ZQ.Module.Guidance.csproj", "{53B49737-68A3-4315-8673-43D52CCE49B8}"
EndProject
Project("{FAE04EC0-301F-11D3-BF4B-00C04F79EFBC}") = "ZQ.Module.About", "Mvvmlight\ZQ.Module.About\ZQ.Module.About.csproj", "{DD155AA4-58D6-42BD-89CD-CA176B7171D7}"
EndProject
Project("{FAE04EC0-301F-11D3-BF4B-00C04F79EFBC}") = "ZQ.Common", "Mvvmlight\ZQ.Common\ZQ.Common.csproj", "{34958B0B-406F-446B-BACE-1C7829540612}"
EndProject
Global
	GlobalSection(SolutionConfigurationPlatforms) = preSolution
		Debug|Any CPU = Debug|Any CPU
		Release|Any CPU = Release|Any CPU
	EndGlobalSection
	GlobalSection(ProjectConfigurationPlatforms) = postSolution
		{99C9E82C-C594-446D-AA59-8FFBC43AD226}.Debug|Any CPU.ActiveCfg = Debug|Any CPU
		{99C9E82C-C594-446D-AA59-8FFBC43AD226}.Debug|Any CPU.Build.0 = Debug|Any CPU
		{99C9E82C-C594-446D-AA59-8FFBC43AD226}.Release|Any CPU.ActiveCfg = Release|Any CPU
		{99C9E82C-C594-446D-AA59-8FFBC43AD226}.Release|Any CPU.Build.0 = Release|Any CPU
		{78324341-DB22-45E2-BB76-FC08436F97DD}.Debug|Any CPU.ActiveCfg = Debug|Any CPU
		{78324341-DB22-45E2-BB76-FC08436F97DD}.Debug|Any CPU.Build.0 = Debug|Any CPU
		{78324341-DB22-45E2-BB76-FC08436F97DD}.Release|Any CPU.ActiveCfg = Release|Any CPU
		{78324341-DB22-45E2-BB76-FC08436F97DD}.Release|Any CPU.Build.0 = Release|Any CPU
		{A59E102F-21DF-4A9A-A37E-0B2C2795371A}.Debug|Any CPU.ActiveCfg = Debug|Any CPU
		{A59E102F-21DF-4A9A-A37E-0B2C2795371A}.Debug|Any CPU.Build.0 = Debug|Any CPU
		{A59E102F-21DF-4A9A-A37E-0B2C2795371A}.Release|Any CPU.ActiveCfg = Release|Any CPU
		{A59E102F-21DF-4A9A-A37E-0B2C2795371A}.Release|Any CPU.Build.0 = Release|Any CPU
		{8E2C2D2C-3BE1-4D48-81BA-2DE3E7FCDAE1}.Debug|Any CPU.ActiveCfg = Debug|Any CPU
		{8E2C2D2C-3BE1-4D48-81BA-2DE3E7FCDAE1}.Debug|Any CPU.Build.0 = Debug|Any CPU
		{8E2C2D2C-3BE1-4D48-81BA-2DE3E7FCDAE1}.Release|Any CPU.ActiveCfg = Release|Any CPU
		{8E2C2D2C-3BE1-4D48-81BA-2DE3E7FCDAE1}.Release|Any CPU.Build.0 = Release|Any CPU
		{93A7356E-07A9-49D1-BB83-CDDCE7309BE3}.Debug|Any CPU.ActiveCfg = Debug|Any CPU
		{93A7356E-07A9-49D1-BB83-CDDCE7309BE3}.Debug|Any CPU.Build.0 = Debug|Any CPU
		{93A7356E-07A9-49D1-BB83-CDDCE7309BE3}.Release|Any CPU.ActiveCfg = Release|Any CPU
		{93A7356E-07A9-49D1-BB83-CDDCE7309BE3}.Release|Any CPU.Build.0 = Release|Any CPU
		{56D1A833-3575-45C6-A359-901654DAB880}.Debug|Any CPU.ActiveCfg = Debug|Any CPU
		{56D1A833-3575-45C6-A359-901654DAB880}.Debug|Any CPU.Build.0 = Debug|Any CPU
		{56D1A833-3575-45C6-A359-901654DAB880}.Release|Any CPU.ActiveCfg = Release|Any CPU
		{56D1A833-3575-45C6-A359-901654DAB880}.Release|Any CPU.Build.0 = Release|Any CPU
		{3C693FD0-09CB-4467-A663-B3ACEA27198C}.Debug|Any CPU.ActiveCfg = Debug|Any CPU
		{3C693FD0-09CB-4467-A663-B3ACEA27198C}.Debug|Any CPU.Build.0 = Debug|Any CPU
		{3C693FD0-09CB-4467-A663-B3ACEA27198C}.Release|Any CPU.ActiveCfg = Release|Any CPU
		{3C693FD0-09CB-4467-A663-B3ACEA27198C}.Release|Any CPU.Build.0 = Release|Any CPU
		{0F3FF826-F549-4F0C-BB36-C1E0DE5F1615}.Debug|Any CPU.ActiveCfg = Debug|Any CPU
		{0F3FF826-F549-4F0C-BB36-C1E0DE5F1615}.Debug|Any CPU.Build.0 = Debug|Any CPU
		{0F3FF826-F549-4F0C-BB36-C1E0DE5F1615}.Release|Any CPU.ActiveCfg = Release|Any CPU
		{0F3FF826-F549-4F0C-BB36-C1E0DE5F1615}.Release|Any CPU.Build.0 = Release|Any CPU
		{FC9D72A7-EBBD-45F8-ABBD-5A8F9612180E}.Debug|Any CPU.ActiveCfg = Debug|Any CPU
		{FC9D72A7-EBBD-45F8-ABBD-5A8F9612180E}.Debug|Any CPU.Build.0 = Debug|Any CPU
		{FC9D72A7-EBBD-45F8-ABBD-5A8F9612180E}.Release|Any CPU.ActiveCfg = Release|Any CPU
		{FC9D72A7-EBBD-45F8-ABBD-5A8F9612180E}.Release|Any CPU.Build.0 = Release|Any CPU
		{740E8045-B382-46E4-9F97-A236365754CE}.Debug|Any CPU.ActiveCfg = Debug|Any CPU
		{740E8045-B382-46E4-9F97-A236365754CE}.Debug|Any CPU.Build.0 = Debug|Any CPU
		{740E8045-B382-46E4-9F97-A236365754CE}.Release|Any CPU.ActiveCfg = Release|Any CPU
		{740E8045-B382-46E4-9F97-A236365754CE}.Release|Any CPU.Build.0 = Release|Any CPU
		{1E9CD211-DB3F-4228-9BE2-2FB63F0CCB7B}.Debug|Any CPU.ActiveCfg = Debug|Any CPU
		{1E9CD211-DB3F-4228-9BE2-2FB63F0CCB7B}.Debug|Any CPU.Build.0 = Debug|Any CPU
		{1E9CD211-DB3F-4228-9BE2-2FB63F0CCB7B}.Release|Any CPU.ActiveCfg = Release|Any CPU
		{1E9CD211-DB3F-4228-9BE2-2FB63F0CCB7B}.Release|Any CPU.Build.0 = Release|Any CPU
		{70123107-189D-4ED8-BFCE-630069FC9B9F}.Debug|Any CPU.ActiveCfg = Debug|Any CPU
		{70123107-189D-4ED8-BFCE-630069FC9B9F}.Debug|Any CPU.Build.0 = Debug|Any CPU
		{70123107-189D-4ED8-BFCE-630069FC9B9F}.Release|Any CPU.ActiveCfg = Release|Any CPU
		{70123107-189D-4ED8-BFCE-630069FC9B9F}.Release|Any CPU.Build.0 = Release|Any CPU
		{53B49737-68A3-4315-8673-43D52CCE49B8}.Debug|Any CPU.ActiveCfg = Debug|Any CPU
		{53B49737-68A3-4315-8673-43D52CCE49B8}.Debug|Any CPU.Build.0 = Debug|Any CPU
		{53B49737-68A3-4315-8673-43D52CCE49B8}.Release|Any CPU.ActiveCfg = Release|Any CPU
		{53B49737-68A3-4315-8673-43D52CCE49B8}.Release|Any CPU.Build.0 = Release|Any CPU
		{DD155AA4-58D6-42BD-89CD-CA176B7171D7}.Debug|Any CPU.ActiveCfg = Debug|Any CPU
		{DD155AA4-58D6-42BD-89CD-CA176B7171D7}.Debug|Any CPU.Build.0 = Debug|Any CPU
		{DD155AA4-58D6-42BD-89CD-CA176B7171D7}.Release|Any CPU.ActiveCfg = Release|Any CPU
		{DD155AA4-58D6-42BD-89CD-CA176B7171D7}.Release|Any CPU.Build.0 = Release|Any CPU
		{34958B0B-406F-446B-BACE-1C7829540612}.Debug|Any CPU.ActiveCfg = Debug|Any CPU
		{34958B0B-406F-446B-BACE-1C7829540612}.Debug|Any CPU.Build.0 = Debug|Any CPU
		{34958B0B-406F-446B-BACE-1C7829540612}.Release|Any CPU.ActiveCfg = Release|Any CPU
		{34958B0B-406F-446B-BACE-1C7829540612}.Release|Any CPU.Build.0 = Release|Any CPU
	EndGlobalSection
	GlobalSection(SolutionProperties) = preSolution
		HideSolutionNode = FALSE
	EndGlobalSection
	GlobalSection(NestedProjects) = preSolution
		{99C9E82C-C594-446D-AA59-8FFBC43AD226} = {98793B6A-3BC0-421B-8002-1BB923D83310}
		{78324341-DB22-45E2-BB76-FC08436F97DD} = {98793B6A-3BC0-421B-8002-1BB923D83310}
		{A59E102F-21DF-4A9A-A37E-0B2C2795371A} = {98793B6A-3BC0-421B-8002-1BB923D83310}
		{8E2C2D2C-3BE1-4D48-81BA-2DE3E7FCDAE1} = {98793B6A-3BC0-421B-8002-1BB923D83310}
		{93A7356E-07A9-49D1-BB83-CDDCE7309BE3} = {98793B6A-3BC0-421B-8002-1BB923D83310}
		{56D1A833-3575-45C6-A359-901654DAB880} = {98793B6A-3BC0-421B-8002-1BB923D83310}
		{3C693FD0-09CB-4467-A663-B3ACEA27198C} = {98793B6A-3BC0-421B-8002-1BB923D83310}
		{0F3FF826-F549-4F0C-BB36-C1E0DE5F1615} = {98793B6A-3BC0-421B-8002-1BB923D83310}
		{FC9D72A7-EBBD-45F8-ABBD-5A8F9612180E} = {210475A3-AFB6-4DCC-A032-8CC40ECC26E7}
		{740E8045-B382-46E4-9F97-A236365754CE} = {210475A3-AFB6-4DCC-A032-8CC40ECC26E7}
		{1E9CD211-DB3F-4228-9BE2-2FB63F0CCB7B} = {210475A3-AFB6-4DCC-A032-8CC40ECC26E7}
		{70123107-189D-4ED8-BFCE-630069FC9B9F} = {210475A3-AFB6-4DCC-A032-8CC40ECC26E7}
		{53B49737-68A3-4315-8673-43D52CCE49B8} = {210475A3-AFB6-4DCC-A032-8CC40ECC26E7}
		{DD155AA4-58D6-42BD-89CD-CA176B7171D7} = {210475A3-AFB6-4DCC-A032-8CC40ECC26E7}
		{34958B0B-406F-446B-BACE-1C7829540612} = {210475A3-AFB6-4DCC-A032-8CC40ECC26E7}
	EndGlobalSection
EndGlobal
