
Microsoft Visual Studio Solution File, Format Version 12.00
# Visual Studio 14
VisualStudioVersion = 14.0.25420.1
MinimumVisualStudioVersion = 10.0.40219.1
Project("{2150E333-8FDC-42A3-9474-1A3956D46DE8}") = "Solution Items", "Solution Items", "{F6666CE0-C1D7-4165-B721-84024EE9F27A}"
	ProjectSection(SolutionItems) = preProject
		PowerWriter.md = PowerWriter.md
		README.md = README.md
		ShowDifferentModuleInSameRegion.md = ShowDifferentModuleInSameRegion.md
	EndProjectSection
EndProject
Project("{2150E333-8FDC-42A3-9474-1A3956D46DE8}") = "Prism", "Prism", "{98793B6A-3BC0-421B-8002-1BB923D83310}"
EndProject
Project("{FAE04EC0-301F-11D3-BF4B-00C04F79EFBC}") = "ZQ.PrismUnityApp", "Prism\ZQ.PrismUnityApp\ZQ.PrismUnityApp.csproj", "{99C9E82C-C594-446D-AA59-8FFBC43AD226}"
EndProject
Project("{FAE04EC0-301F-11D3-BF4B-00C04F79EFBC}") = "ZQ.Module.Syutsou", "Prism\ZQ.Module.Syutsou\ZQ.Module.Syutsou.csproj", "{78324341-DB22-45E2-BB76-FC08436F97DD}"
EndProject
Project("{FAE04EC0-301F-11D3-BF4B-00C04F79EFBC}") = "ZQ.Module.Settings", "Prism\ZQ.Module.Settings\ZQ.Module.Settings.csproj", "{A59E102F-21DF-4A9A-A37E-0B2C2795371A}"
EndProject
Project("{FAE04EC0-301F-11D3-BF4B-00C04F79EFBC}") = "ZQ.Module.Other", "Prism\ZQ.Module.Other\ZQ.Module.Other.csproj", "{8E2C2D2C-3BE1-4D48-81BA-2DE3E7FCDAE1}"
EndProject
Project("{FAE04EC0-301F-11D3-BF4B-00C04F79EFBC}") = "ZQ.Module.Guidance", "Prism\ZQ.Module.Guidance\ZQ.Module.Guidance.csproj", "{93A7356E-07A9-49D1-BB83-CDDCE7309BE3}"
EndProject
Project("{FAE04EC0-301F-11D3-BF4B-00C04F79EFBC}") = "ZQ.Module.About", "Prism\ZQ.Module.About\ZQ.Module.About.csproj", "{56D1A833-3575-45C6-A359-901654DAB880}"
EndProject
Project("{FAE04EC0-301F-11D3-BF4B-00C04F79EFBC}") = "ZQ.Event", "Prism\ZQ.Event\ZQ.Event.csproj", "{3C693FD0-09CB-4467-A663-B3ACEA27198C}"
EndProject
Project("{FAE04EC0-301F-11D3-BF4B-00C04F79EFBC}") = "ZQ.Common", "Prism\ZQ.Common\ZQ.Common.csproj", "{0F3FF826-F549-4F0C-BB36-C1E0DE5F1615}"
EndProject
Project("{2150E333-8FDC-42A3-9474-1A3956D46DE8}") = "MvvmLight", "MvvmLight", "{210475A3-AFB6-4DCC-A032-8CC40ECC26E7}"
EndProject
Project("{FAE04EC0-301F-11D3-BF4B-00C04F79EFBC}") = "ZQ.Module.Syutsou", "Mvvmlight\ZQ.Module.Syutsou\ZQ.Module.Syutsou.csproj", "{EBC3225D-C7C3-4AC9-BA2C-4143CBB8D0E0}"
EndProject
Project("{FAE04EC0-301F-11D3-BF4B-00C04F79EFBC}") = "ZQ.Module.Settings", "Mvvmlight\ZQ.Module.Settings\ZQ.Module.Settings.csproj", "{3BA0952F-B5D0-4929-A49B-4D61D4107BF4}"
EndProject
Project("{FAE04EC0-301F-11D3-BF4B-00C04F79EFBC}") = "ZQ.Module.Other", "Mvvmlight\ZQ.Module.Other\ZQ.Module.Other.csproj", "{9BD793D2-2D5C-4089-9045-9AC3FE1409F9}"
EndProject
Project("{FAE04EC0-301F-11D3-BF4B-00C04F79EFBC}") = "ZQ.Module.Guidance", "Mvvmlight\ZQ.Module.Guidance\ZQ.Module.Guidance.csproj", "{3BECCB26-F2A3-44CA-AF7B-DC1805B930D2}"
EndProject
Project("{FAE04EC0-301F-11D3-BF4B-00C04F79EFBC}") = "ZQ.Module.About", "Mvvmlight\ZQ.Module.About\ZQ.Module.About.csproj", "{A43A7D9C-1B47-4BB4-80F7-1F8C8CA93987}"
EndProject
Project("{FAE04EC0-301F-11D3-BF4B-00C04F79EFBC}") = "ZQ.MvvmlightApp", "Mvvmlight\ZQ.MvvmlightApp\ZQ.MvvmlightApp.csproj", "{30409194-4A56-4631-9CB5-2B416941582D}"
EndProject
Global
	GlobalSection(SolutionConfigurationPlatforms) = preSolution
		Debug|Any CPU = Debug|Any CPU
		Release|Any CPU = Release|Any CPU
	EndGlobalSection
	GlobalSection(ProjectConfigurationPlatforms) = postSolution
		{99C9E82C-C594-446D-AA59-8FFBC43AD226}.Debug|Any CPU.ActiveCfg = Debug|Any CPU
		{99C9E82C-C594-446D-AA59-8FFBC43AD226}.Debug|Any CPU.Build.0 = Debug|Any CPU
		{99C9E82C-C594-446D-AA59-8FFBC43AD226}.Release|Any CPU.ActiveCfg = Release|Any CPU
		{99C9E82C-C594-446D-AA59-8FFBC43AD226}.Release|Any CPU.Build.0 = Release|Any CPU
		{78324341-DB22-45E2-BB76-FC08436F97DD}.Debug|Any CPU.ActiveCfg = Debug|Any CPU
		{78324341-DB22-45E2-BB76-FC08436F97DD}.Debug|Any CPU.Build.0 = Debug|Any CPU
		{78324341-DB22-45E2-BB76-FC08436F97DD}.Release|Any CPU.ActiveCfg = Release|Any CPU
		{78324341-DB22-45E2-BB76-FC08436F97DD}.Release|Any CPU.Build.0 = Release|Any CPU
		{A59E102F-21DF-4A9A-A37E-0B2C2795371A}.Debug|Any CPU.ActiveCfg = Debug|Any CPU
		{A59E102F-21DF-4A9A-A37E-0B2C2795371A}.Debug|Any CPU.Build.0 = Debug|Any CPU
		{A59E102F-21DF-4A9A-A37E-0B2C2795371A}.Release|Any CPU.ActiveCfg = Release|Any CPU
		{A59E102F-21DF-4A9A-A37E-0B2C2795371A}.Release|Any CPU.Build.0 = Release|Any CPU
		{8E2C2D2C-3BE1-4D48-81BA-2DE3E7FCDAE1}.Debug|Any CPU.ActiveCfg = Debug|Any CPU
		{8E2C2D2C-3BE1-4D48-81BA-2DE3E7FCDAE1}.Debug|Any CPU.Build.0 = Debug|Any CPU
		{8E2C2D2C-3BE1-4D48-81BA-2DE3E7FCDAE1}.Release|Any CPU.ActiveCfg = Release|Any CPU
		{8E2C2D2C-3BE1-4D48-81BA-2DE3E7FCDAE1}.Release|Any CPU.Build.0 = Release|Any CPU
		{93A7356E-07A9-49D1-BB83-CDDCE7309BE3}.Debug|Any CPU.ActiveCfg = Debug|Any CPU
		{93A7356E-07A9-49D1-BB83-CDDCE7309BE3}.Debug|Any CPU.Build.0 = Debug|Any CPU
		{93A7356E-07A9-49D1-BB83-CDDCE7309BE3}.Release|Any CPU.ActiveCfg = Release|Any CPU
		{93A7356E-07A9-49D1-BB83-CDDCE7309BE3}.Release|Any CPU.Build.0 = Release|Any CPU
		{56D1A833-3575-45C6-A359-901654DAB880}.Debug|Any CPU.ActiveCfg = Debug|Any CPU
		{56D1A833-3575-45C6-A359-901654DAB880}.Debug|Any CPU.Build.0 = Debug|Any CPU
		{56D1A833-3575-45C6-A359-901654DAB880}.Release|Any CPU.ActiveCfg = Release|Any CPU
		{56D1A833-3575-45C6-A359-901654DAB880}.Release|Any CPU.Build.0 = Release|Any CPU
		{3C693FD0-09CB-4467-A663-B3ACEA27198C}.Debug|Any CPU.ActiveCfg = Debug|Any CPU
		{3C693FD0-09CB-4467-A663-B3ACEA27198C}.Debug|Any CPU.Build.0 = Debug|Any CPU
		{3C693FD0-09CB-4467-A663-B3ACEA27198C}.Release|Any CPU.ActiveCfg = Release|Any CPU
		{3C693FD0-09CB-4467-A663-B3ACEA27198C}.Release|Any CPU.Build.0 = Release|Any CPU
		{0F3FF826-F549-4F0C-BB36-C1E0DE5F1615}.Debug|Any CPU.ActiveCfg = Debug|Any CPU
		{0F3FF826-F549-4F0C-BB36-C1E0DE5F1615}.Debug|Any CPU.Build.0 = Debug|Any CPU
		{0F3FF826-F549-4F0C-BB36-C1E0DE5F1615}.Release|Any CPU.ActiveCfg = Release|Any CPU
		{0F3FF826-F549-4F0C-BB36-C1E0DE5F1615}.Release|Any CPU.Build.0 = Release|Any CPU
		{EBC3225D-C7C3-4AC9-BA2C-4143CBB8D0E0}.Debug|Any CPU.ActiveCfg = Debug|Any CPU
		{EBC3225D-C7C3-4AC9-BA2C-4143CBB8D0E0}.Debug|Any CPU.Build.0 = Debug|Any CPU
		{EBC3225D-C7C3-4AC9-BA2C-4143CBB8D0E0}.Release|Any CPU.ActiveCfg = Release|Any CPU
		{EBC3225D-C7C3-4AC9-BA2C-4143CBB8D0E0}.Release|Any CPU.Build.0 = Release|Any CPU
		{3BA0952F-B5D0-4929-A49B-4D61D4107BF4}.Debug|Any CPU.ActiveCfg = Debug|Any CPU
		{3BA0952F-B5D0-4929-A49B-4D61D4107BF4}.Debug|Any CPU.Build.0 = Debug|Any CPU
		{3BA0952F-B5D0-4929-A49B-4D61D4107BF4}.Release|Any CPU.ActiveCfg = Release|Any CPU
		{3BA0952F-B5D0-4929-A49B-4D61D4107BF4}.Release|Any CPU.Build.0 = Release|Any CPU
		{9BD793D2-2D5C-4089-9045-9AC3FE1409F9}.Debug|Any CPU.ActiveCfg = Debug|Any CPU
		{9BD793D2-2D5C-4089-9045-9AC3FE1409F9}.Debug|Any CPU.Build.0 = Debug|Any CPU
		{9BD793D2-2D5C-4089-9045-9AC3FE1409F9}.Release|Any CPU.ActiveCfg = Release|Any CPU
		{9BD793D2-2D5C-4089-9045-9AC3FE1409F9}.Release|Any CPU.Build.0 = Release|Any CPU
		{3BECCB26-F2A3-44CA-AF7B-DC1805B930D2}.Debug|Any CPU.ActiveCfg = Debug|Any CPU
		{3BECCB26-F2A3-44CA-AF7B-DC1805B930D2}.Debug|Any CPU.Build.0 = Debug|Any CPU
		{3BECCB26-F2A3-44CA-AF7B-DC1805B930D2}.Release|Any CPU.ActiveCfg = Release|Any CPU
		{3BECCB26-F2A3-44CA-AF7B-DC1805B930D2}.Release|Any CPU.Build.0 = Release|Any CPU
		{A43A7D9C-1B47-4BB4-80F7-1F8C8CA93987}.Debug|Any CPU.ActiveCfg = Debug|Any CPU
		{A43A7D9C-1B47-4BB4-80F7-1F8C8CA93987}.Debug|Any CPU.Build.0 = Debug|Any CPU
		{A43A7D9C-1B47-4BB4-80F7-1F8C8CA93987}.Release|Any CPU.ActiveCfg = Release|Any CPU
		{A43A7D9C-1B47-4BB4-80F7-1F8C8CA93987}.Release|Any CPU.Build.0 = Release|Any CPU
		{30409194-4A56-4631-9CB5-2B416941582D}.Debug|Any CPU.ActiveCfg = Debug|Any CPU
		{30409194-4A56-4631-9CB5-2B416941582D}.Debug|Any CPU.Build.0 = Debug|Any CPU
		{30409194-4A56-4631-9CB5-2B416941582D}.Release|Any CPU.ActiveCfg = Release|Any CPU
		{30409194-4A56-4631-9CB5-2B416941582D}.Release|Any CPU.Build.0 = Release|Any CPU
	EndGlobalSection
	GlobalSection(SolutionProperties) = preSolution
		HideSolutionNode = FALSE
	EndGlobalSection
	GlobalSection(NestedProjects) = preSolution
		{99C9E82C-C594-446D-AA59-8FFBC43AD226} = {98793B6A-3BC0-421B-8002-1BB923D83310}
		{78324341-DB22-45E2-BB76-FC08436F97DD} = {98793B6A-3BC0-421B-8002-1BB923D83310}
		{A59E102F-21DF-4A9A-A37E-0B2C2795371A} = {98793B6A-3BC0-421B-8002-1BB923D83310}
		{8E2C2D2C-3BE1-4D48-81BA-2DE3E7FCDAE1} = {98793B6A-3BC0-421B-8002-1BB923D83310}
		{93A7356E-07A9-49D1-BB83-CDDCE7309BE3} = {98793B6A-3BC0-421B-8002-1BB923D83310}
		{56D1A833-3575-45C6-A359-901654DAB880} = {98793B6A-3BC0-421B-8002-1BB923D83310}
		{3C693FD0-09CB-4467-A663-B3ACEA27198C} = {98793B6A-3BC0-421B-8002-1BB923D83310}
		{0F3FF826-F549-4F0C-BB36-C1E0DE5F1615} = {98793B6A-3BC0-421B-8002-1BB923D83310}
		{EBC3225D-C7C3-4AC9-BA2C-4143CBB8D0E0} = {210475A3-AFB6-4DCC-A032-8CC40ECC26E7}
		{3BA0952F-B5D0-4929-A49B-4D61D4107BF4} = {210475A3-AFB6-4DCC-A032-8CC40ECC26E7}
		{9BD793D2-2D5C-4089-9045-9AC3FE1409F9} = {210475A3-AFB6-4DCC-A032-8CC40ECC26E7}
		{3BECCB26-F2A3-44CA-AF7B-DC1805B930D2} = {210475A3-AFB6-4DCC-A032-8CC40ECC26E7}
		{A43A7D9C-1B47-4BB4-80F7-1F8C8CA93987} = {210475A3-AFB6-4DCC-A032-8CC40ECC26E7}
		{30409194-4A56-4631-9CB5-2B416941582D} = {210475A3-AFB6-4DCC-A032-8CC40ECC26E7}
	EndGlobalSection
EndGlobal
